
Microsoft Visual Studio Solution File, Format Version 12.00
# Visual Studio 15
VisualStudioVersion = 15.0.26730.15
MinimumVisualStudioVersion = 10.0.40219.1
Project("{9A19103F-16F7-4668-BE54-9A1E7A4F7556}") = "Crowe.API", "Crowe\Crowe.API.csproj", "{29F6EB30-86AF-4C58-91C9-033D9EF785F9}"
EndProject
Project("{FAE04EC0-301F-11D3-BF4B-00C04F79EFBC}") = "Crowe.Tests", "Crowe.Tests\Crowe.Tests.csproj", "{CEF6A44C-88A2-4F86-8913-470C0D761D78}"
EndProject
Global
	GlobalSection(SolutionConfigurationPlatforms) = preSolution
		Debug|Any CPU = Debug|Any CPU
		Release|Any CPU = Release|Any CPU
	EndGlobalSection
	GlobalSection(ProjectConfigurationPlatforms) = postSolution
		{29F6EB30-86AF-4C58-91C9-033D9EF785F9}.Debug|Any CPU.ActiveCfg = Debug|Any CPU
		{29F6EB30-86AF-4C58-91C9-033D9EF785F9}.Debug|Any CPU.Build.0 = Debug|Any CPU
		{29F6EB30-86AF-4C58-91C9-033D9EF785F9}.Release|Any CPU.ActiveCfg = Release|Any CPU
		{29F6EB30-86AF-4C58-91C9-033D9EF785F9}.Release|Any CPU.Build.0 = Release|Any CPU
		{CEF6A44C-88A2-4F86-8913-470C0D761D78}.Debug|Any CPU.ActiveCfg = Debug|Any CPU
		{CEF6A44C-88A2-4F86-8913-470C0D761D78}.Debug|Any CPU.Build.0 = Debug|Any CPU
		{CEF6A44C-88A2-4F86-8913-470C0D761D78}.Release|Any CPU.ActiveCfg = Release|Any CPU
		{CEF6A44C-88A2-4F86-8913-470C0D761D78}.Release|Any CPU.Build.0 = Release|Any CPU
	EndGlobalSection
	GlobalSection(SolutionProperties) = preSolution
		HideSolutionNode = FALSE
	EndGlobalSection
	GlobalSection(ExtensibilityGlobals) = postSolution
		SolutionGuid = {8B9665E0-303C-4F6A-8542-CE17EBB8285D}
	EndGlobalSection
EndGlobal
